
Microsoft Visual Studio Solution File, Format Version 12.00
# Visual Studio Version 16
VisualStudioVersion = 16.0.34902.97
MinimumVisualStudioVersion = 10.0.40219.1
Project("{FAE04EC0-301F-11D3-BF4B-00C04F79EFBC}") = "NomeArquivo", "NomeArquivo\NomeArquivo.csproj", "{A37753B8-794A-4CE3-9A0F-62E729FCEE3D}"
EndProject
Global
	GlobalSection(SolutionConfigurationPlatforms) = preSolution
		Debug|Any CPU = Debug|Any CPU
		Release|Any CPU = Release|Any CPU
	EndGlobalSection
	GlobalSection(ProjectConfigurationPlatforms) = postSolution
		{A37753B8-794A-4CE3-9A0F-62E729FCEE3D}.Debug|Any CPU.ActiveCfg = Debug|Any CPU
		{A37753B8-794A-4CE3-9A0F-62E729FCEE3D}.Debug|Any CPU.Build.0 = Debug|Any CPU
		{A37753B8-794A-4CE3-9A0F-62E729FCEE3D}.Release|Any CPU.ActiveCfg = Release|Any CPU
		{A37753B8-794A-4CE3-9A0F-62E729FCEE3D}.Release|Any CPU.Build.0 = Release|Any CPU
	EndGlobalSection
	GlobalSection(SolutionProperties) = preSolution
		HideSolutionNode = FALSE
	EndGlobalSection
	GlobalSection(ExtensibilityGlobals) = postSolution
		SolutionGuid = {A7401AC6-D508-4FCB-AAEB-081591592445}
	EndGlobalSection
EndGlobal
