
Microsoft Visual Studio Solution File, Format Version 12.00
# Visual Studio Version 16
VisualStudioVersion = 16.0.34902.97
MinimumVisualStudioVersion = 10.0.40219.1
Project("{FAE04EC0-301F-11D3-BF4B-00C04F79EFBC}") = "TimeSheet", "TimeSheet\TimeSheet.csproj", "{8F0A4CD6-862B-4E84-9861-A725AA265CCE}"
EndProject
Global
	GlobalSection(SolutionConfigurationPlatforms) = preSolution
		Debug|Any CPU = Debug|Any CPU
		Release|Any CPU = Release|Any CPU
	EndGlobalSection
	GlobalSection(ProjectConfigurationPlatforms) = postSolution
		{8F0A4CD6-862B-4E84-9861-A725AA265CCE}.Debug|Any CPU.ActiveCfg = Debug|Any CPU
		{8F0A4CD6-862B-4E84-9861-A725AA265CCE}.Debug|Any CPU.Build.0 = Debug|Any CPU
		{8F0A4CD6-862B-4E84-9861-A725AA265CCE}.Release|Any CPU.ActiveCfg = Release|Any CPU
		{8F0A4CD6-862B-4E84-9861-A725AA265CCE}.Release|Any CPU.Build.0 = Release|Any CPU
	EndGlobalSection
	GlobalSection(SolutionProperties) = preSolution
		HideSolutionNode = FALSE
	EndGlobalSection
	GlobalSection(ExtensibilityGlobals) = postSolution
		SolutionGuid = {9EC1A9A6-78FC-49E5-B907-78BCD204DC78}
	EndGlobalSection
EndGlobal
